
Microsoft Visual Studio Solution File, Format Version 12.00
# Visual Studio Version 16
VisualStudioVersion = 16.0.31112.23
MinimumVisualStudioVersion = 10.0.40219.1
Project("{FAE04EC0-301F-11D3-BF4B-00C04F79EFBC}") = "DiscordRankingBot", "DiscordRankingBot\DiscordRankingBot.csproj", "{2DECDAE8-7BB7-4DC2-A207-9A65717FA04E}"
EndProject
Global
	GlobalSection(SolutionConfigurationPlatforms) = preSolution
		Debug|Any CPU = Debug|Any CPU
		Release|Any CPU = Release|Any CPU
	EndGlobalSection
	GlobalSection(ProjectConfigurationPlatforms) = postSolution
		{2DECDAE8-7BB7-4DC2-A207-9A65717FA04E}.Debug|Any CPU.ActiveCfg = Debug|Any CPU
		{2DECDAE8-7BB7-4DC2-A207-9A65717FA04E}.Debug|Any CPU.Build.0 = Debug|Any CPU
		{2DECDAE8-7BB7-4DC2-A207-9A65717FA04E}.Release|Any CPU.ActiveCfg = Release|Any CPU
		{2DECDAE8-7BB7-4DC2-A207-9A65717FA04E}.Release|Any CPU.Build.0 = Release|Any CPU
	EndGlobalSection
	GlobalSection(SolutionProperties) = preSolution
		HideSolutionNode = FALSE
	EndGlobalSection
	GlobalSection(ExtensibilityGlobals) = postSolution
		SolutionGuid = {FAC809AD-A147-45B6-9F77-9960CD846343}
	EndGlobalSection
EndGlobal
